
Microsoft Visual Studio Solution File, Format Version 11.00
# Visual Studio 2010
Project("{FAE04EC0-301F-11D3-BF4B-00C04F79EFBC}") = "Egg_Project", "Assembly-CSharp.csproj", "{8D9D893A-10F2-3361-EAB3-DB3259B19485}"
EndProject
Global
	GlobalSection(SolutionConfigurationPlatforms) = preSolution
		Debug|Any CPU = Debug|Any CPU
		Release|Any CPU = Release|Any CPU
	EndGlobalSection
	GlobalSection(ProjectConfigurationPlatforms) = postSolution
		{8D9D893A-10F2-3361-EAB3-DB3259B19485}.Debug|Any CPU.ActiveCfg = Debug|Any CPU
		{8D9D893A-10F2-3361-EAB3-DB3259B19485}.Debug|Any CPU.Build.0 = Debug|Any CPU
		{8D9D893A-10F2-3361-EAB3-DB3259B19485}.Release|Any CPU.ActiveCfg = Release|Any CPU
		{8D9D893A-10F2-3361-EAB3-DB3259B19485}.Release|Any CPU.Build.0 = Release|Any CPU
	EndGlobalSection
	GlobalSection(SolutionProperties) = preSolution
		HideSolutionNode = FALSE
	EndGlobalSection
	GlobalSection(MonoDevelopProperties) = preSolution
		StartupItem = Assembly-CSharp.csproj
	EndGlobalSection
EndGlobal
